
Microsoft Visual Studio Solution File, Format Version 12.00
# Visual Studio Version 16
VisualStudioVersion = 16.0.30611.23
MinimumVisualStudioVersion = 10.0.40219.1
Project("{FAE04EC0-301F-11D3-BF4B-00C04F79EFBC}") = "IDB.Discover.Vault", "IDB.Discover.Vault\IDB.Discover.Vault.csproj", "{B5E061D3-0309-47FB-8EBC-EBE68416E777}"
EndProject
Project("{FAE04EC0-301F-11D3-BF4B-00C04F79EFBC}") = "BCPBuilderConfig", "BCPBuilderConfig\BCPBuilderConfig.csproj", "{330BB4CE-3A08-486C-8743-6C5BD094461C}"
EndProject
Project("{FAE04EC0-301F-11D3-BF4B-00C04F79EFBC}") = "MSSql.COIntermDB.Dapper.DirectAccess", "MSSql.COIntermDB.Dapper.DirectAccess\MSSql.COIntermDB.Dapper.DirectAccess.csproj", "{1F3C757D-74C9-4C35-8BF9-2747FEEF95C8}"
EndProject
Project("{FAE04EC0-301F-11D3-BF4B-00C04F79EFBC}") = "MSSql.Vault.Dapper.DirectAccess", "MSSql.Vault.Dapper.DirectAccess\MSSql.Vault.Dapper.DirectAccess.csproj", "{1D29C469-20F0-4191-8694-B78945650A01}"
EndProject
Project("{FAE04EC0-301F-11D3-BF4B-00C04F79EFBC}") = "VaultBCPXSDSerialization", "VaultBCPXSDSerialization\VaultBCPXSDSerialization.csproj", "{230C6A1F-3565-415C-A785-5DB2B5C2D4E2}"
EndProject
Global
	GlobalSection(SolutionConfigurationPlatforms) = preSolution
		Debug|Any CPU = Debug|Any CPU
		Debug|x64 = Debug|x64
		Release|Any CPU = Release|Any CPU
		Release|x64 = Release|x64
	EndGlobalSection
	GlobalSection(ProjectConfigurationPlatforms) = postSolution
		{B5E061D3-0309-47FB-8EBC-EBE68416E777}.Debug|Any CPU.ActiveCfg = Debug|Any CPU
		{B5E061D3-0309-47FB-8EBC-EBE68416E777}.Debug|Any CPU.Build.0 = Debug|Any CPU
		{B5E061D3-0309-47FB-8EBC-EBE68416E777}.Debug|x64.ActiveCfg = Debug|Any CPU
		{B5E061D3-0309-47FB-8EBC-EBE68416E777}.Debug|x64.Build.0 = Debug|Any CPU
		{B5E061D3-0309-47FB-8EBC-EBE68416E777}.Release|Any CPU.ActiveCfg = Release|Any CPU
		{B5E061D3-0309-47FB-8EBC-EBE68416E777}.Release|Any CPU.Build.0 = Release|Any CPU
		{B5E061D3-0309-47FB-8EBC-EBE68416E777}.Release|x64.ActiveCfg = Release|Any CPU
		{B5E061D3-0309-47FB-8EBC-EBE68416E777}.Release|x64.Build.0 = Release|Any CPU
		{330BB4CE-3A08-486C-8743-6C5BD094461C}.Debug|Any CPU.ActiveCfg = Debug|Any CPU
		{330BB4CE-3A08-486C-8743-6C5BD094461C}.Debug|Any CPU.Build.0 = Debug|Any CPU
		{330BB4CE-3A08-486C-8743-6C5BD094461C}.Debug|x64.ActiveCfg = Debug|Any CPU
		{330BB4CE-3A08-486C-8743-6C5BD094461C}.Debug|x64.Build.0 = Debug|Any CPU
		{330BB4CE-3A08-486C-8743-6C5BD094461C}.Release|Any CPU.ActiveCfg = Release|Any CPU
		{330BB4CE-3A08-486C-8743-6C5BD094461C}.Release|Any CPU.Build.0 = Release|Any CPU
		{330BB4CE-3A08-486C-8743-6C5BD094461C}.Release|x64.ActiveCfg = Release|Any CPU
		{330BB4CE-3A08-486C-8743-6C5BD094461C}.Release|x64.Build.0 = Release|Any CPU
		{1F3C757D-74C9-4C35-8BF9-2747FEEF95C8}.Debug|Any CPU.ActiveCfg = Debug|Any CPU
		{1F3C757D-74C9-4C35-8BF9-2747FEEF95C8}.Debug|Any CPU.Build.0 = Debug|Any CPU
		{1F3C757D-74C9-4C35-8BF9-2747FEEF95C8}.Debug|x64.ActiveCfg = Debug|Any CPU
		{1F3C757D-74C9-4C35-8BF9-2747FEEF95C8}.Debug|x64.Build.0 = Debug|Any CPU
		{1F3C757D-74C9-4C35-8BF9-2747FEEF95C8}.Release|Any CPU.ActiveCfg = Release|Any CPU
		{1F3C757D-74C9-4C35-8BF9-2747FEEF95C8}.Release|Any CPU.Build.0 = Release|Any CPU
		{1F3C757D-74C9-4C35-8BF9-2747FEEF95C8}.Release|x64.ActiveCfg = Release|Any CPU
		{1F3C757D-74C9-4C35-8BF9-2747FEEF95C8}.Release|x64.Build.0 = Release|Any CPU
		{1D29C469-20F0-4191-8694-B78945650A01}.Debug|Any CPU.ActiveCfg = Debug|Any CPU
		{1D29C469-20F0-4191-8694-B78945650A01}.Debug|Any CPU.Build.0 = Debug|Any CPU
		{1D29C469-20F0-4191-8694-B78945650A01}.Debug|x64.ActiveCfg = Debug|x64
		{1D29C469-20F0-4191-8694-B78945650A01}.Debug|x64.Build.0 = Debug|x64
		{1D29C469-20F0-4191-8694-B78945650A01}.Release|Any CPU.ActiveCfg = Release|Any CPU
		{1D29C469-20F0-4191-8694-B78945650A01}.Release|Any CPU.Build.0 = Release|Any CPU
		{1D29C469-20F0-4191-8694-B78945650A01}.Release|x64.ActiveCfg = Release|x64
		{1D29C469-20F0-4191-8694-B78945650A01}.Release|x64.Build.0 = Release|x64
		{230C6A1F-3565-415C-A785-5DB2B5C2D4E2}.Debug|Any CPU.ActiveCfg = Debug|Any CPU
		{230C6A1F-3565-415C-A785-5DB2B5C2D4E2}.Debug|Any CPU.Build.0 = Debug|Any CPU
		{230C6A1F-3565-415C-A785-5DB2B5C2D4E2}.Debug|x64.ActiveCfg = Debug|Any CPU
		{230C6A1F-3565-415C-A785-5DB2B5C2D4E2}.Debug|x64.Build.0 = Debug|Any CPU
		{230C6A1F-3565-415C-A785-5DB2B5C2D4E2}.Release|Any CPU.ActiveCfg = Release|Any CPU
		{230C6A1F-3565-415C-A785-5DB2B5C2D4E2}.Release|Any CPU.Build.0 = Release|Any CPU
		{230C6A1F-3565-415C-A785-5DB2B5C2D4E2}.Release|x64.ActiveCfg = Release|Any CPU
		{230C6A1F-3565-415C-A785-5DB2B5C2D4E2}.Release|x64.Build.0 = Release|Any CPU
	EndGlobalSection
	GlobalSection(SolutionProperties) = preSolution
		HideSolutionNode = FALSE
	EndGlobalSection
	GlobalSection(ExtensibilityGlobals) = postSolution
		SolutionGuid = {F2FC2591-C5B0-45E7-9166-808E6D232ADD}
	EndGlobalSection
EndGlobal
